
Microsoft Visual Studio Solution File, Format Version 12.00
# Visual Studio Version 16
VisualStudioVersion = 16.0.29123.88
MinimumVisualStudioVersion = 10.0.40219.1
Project("{FAE04EC0-301F-11D3-BF4B-00C04F79EFBC}") = "NuevosComponentes", "NuevosComponentes\NuevosComponentes.csproj", "{9E7074BA-7DAD-4BF7-94D2-DD447DC4C1FC}"
EndProject
Project("{FAE04EC0-301F-11D3-BF4B-00C04F79EFBC}") = "Testings", "Testings\Testings.csproj", "{6C3A8CCE-829C-451D-8017-1C87D359F9E2}"
EndProject
Global
	GlobalSection(SolutionConfigurationPlatforms) = preSolution
		Debug|Any CPU = Debug|Any CPU
		Release|Any CPU = Release|Any CPU
	EndGlobalSection
	GlobalSection(ProjectConfigurationPlatforms) = postSolution
		{9E7074BA-7DAD-4BF7-94D2-DD447DC4C1FC}.Debug|Any CPU.ActiveCfg = Debug|Any CPU
		{9E7074BA-7DAD-4BF7-94D2-DD447DC4C1FC}.Debug|Any CPU.Build.0 = Debug|Any CPU
		{9E7074BA-7DAD-4BF7-94D2-DD447DC4C1FC}.Release|Any CPU.ActiveCfg = Release|Any CPU
		{9E7074BA-7DAD-4BF7-94D2-DD447DC4C1FC}.Release|Any CPU.Build.0 = Release|Any CPU
		{6C3A8CCE-829C-451D-8017-1C87D359F9E2}.Debug|Any CPU.ActiveCfg = Debug|Any CPU
		{6C3A8CCE-829C-451D-8017-1C87D359F9E2}.Debug|Any CPU.Build.0 = Debug|Any CPU
		{6C3A8CCE-829C-451D-8017-1C87D359F9E2}.Release|Any CPU.ActiveCfg = Release|Any CPU
		{6C3A8CCE-829C-451D-8017-1C87D359F9E2}.Release|Any CPU.Build.0 = Release|Any CPU
	EndGlobalSection
	GlobalSection(SolutionProperties) = preSolution
		HideSolutionNode = FALSE
	EndGlobalSection
	GlobalSection(ExtensibilityGlobals) = postSolution
		SolutionGuid = {3C40E656-9444-4E5F-A81C-38168BD0B100}
	EndGlobalSection
EndGlobal
