
Microsoft Visual Studio Solution File, Format Version 12.00
# Visual Studio Version 16
VisualStudioVersion = 16.0.29123.88
MinimumVisualStudioVersion = 10.0.40219.1
Project("{FAE04EC0-301F-11D3-BF4B-00C04F79EFBC}") = "MediaPlayer", "Ejercicio2\MediaPlayer.csproj", "{F574A338-BB89-47AF-8BD4-883A488F9162}"
EndProject
Project("{FAE04EC0-301F-11D3-BF4B-00C04F79EFBC}") = "Tests", "Tests\Tests.csproj", "{2B7E6C5D-984D-4B9B-BD60-99AAF980F751}"
EndProject
Global
	GlobalSection(SolutionConfigurationPlatforms) = preSolution
		Debug|Any CPU = Debug|Any CPU
		Release|Any CPU = Release|Any CPU
	EndGlobalSection
	GlobalSection(ProjectConfigurationPlatforms) = postSolution
		{F574A338-BB89-47AF-8BD4-883A488F9162}.Debug|Any CPU.ActiveCfg = Debug|Any CPU
		{F574A338-BB89-47AF-8BD4-883A488F9162}.Debug|Any CPU.Build.0 = Debug|Any CPU
		{F574A338-BB89-47AF-8BD4-883A488F9162}.Release|Any CPU.ActiveCfg = Release|Any CPU
		{F574A338-BB89-47AF-8BD4-883A488F9162}.Release|Any CPU.Build.0 = Release|Any CPU
		{2B7E6C5D-984D-4B9B-BD60-99AAF980F751}.Debug|Any CPU.ActiveCfg = Debug|Any CPU
		{2B7E6C5D-984D-4B9B-BD60-99AAF980F751}.Debug|Any CPU.Build.0 = Debug|Any CPU
		{2B7E6C5D-984D-4B9B-BD60-99AAF980F751}.Release|Any CPU.ActiveCfg = Release|Any CPU
		{2B7E6C5D-984D-4B9B-BD60-99AAF980F751}.Release|Any CPU.Build.0 = Release|Any CPU
	EndGlobalSection
	GlobalSection(SolutionProperties) = preSolution
		HideSolutionNode = FALSE
	EndGlobalSection
	GlobalSection(ExtensibilityGlobals) = postSolution
		SolutionGuid = {746FF677-FC6F-4F31-8D84-AE89E8400207}
	EndGlobalSection
EndGlobal
