
Microsoft Visual Studio Solution File, Format Version 12.00
# Visual Studio Version 16
VisualStudioVersion = 16.0.29123.88
MinimumVisualStudioVersion = 10.0.40219.1
Project("{FAE04EC0-301F-11D3-BF4B-00C04F79EFBC}") = "Servidor", "Servidor\Servidor.csproj", "{A95C9CA3-B626-4994-A876-6D0FE8329CD9}"
EndProject
Global
	GlobalSection(SolutionConfigurationPlatforms) = preSolution
		Debug|Any CPU = Debug|Any CPU
		Release|Any CPU = Release|Any CPU
	EndGlobalSection
	GlobalSection(ProjectConfigurationPlatforms) = postSolution
		{A95C9CA3-B626-4994-A876-6D0FE8329CD9}.Debug|Any CPU.ActiveCfg = Debug|Any CPU
		{A95C9CA3-B626-4994-A876-6D0FE8329CD9}.Debug|Any CPU.Build.0 = Debug|Any CPU
		{A95C9CA3-B626-4994-A876-6D0FE8329CD9}.Release|Any CPU.ActiveCfg = Release|Any CPU
		{A95C9CA3-B626-4994-A876-6D0FE8329CD9}.Release|Any CPU.Build.0 = Release|Any CPU
	EndGlobalSection
	GlobalSection(SolutionProperties) = preSolution
		HideSolutionNode = FALSE
	EndGlobalSection
	GlobalSection(ExtensibilityGlobals) = postSolution
		SolutionGuid = {FA5D78FF-2285-48E7-AD0B-A13EAC6B0B73}
	EndGlobalSection
EndGlobal
